
Microsoft Visual Studio Solution File, Format Version 12.00
# Visual Studio Version 17
VisualStudioVersion = 17.2.32519.379
MinimumVisualStudioVersion = 10.0.40219.1
Project("{9A19103F-16F7-4668-BE54-9A1E7A4F7556}") = "LibraryApi", "LibraryApi\LibraryApi.csproj", "{FDB8E60A-E9DC-4132-A770-8EEF32916049}"
EndProject
Project("{9A19103F-16F7-4668-BE54-9A1E7A4F7556}") = "Models", "Models\Models.csproj", "{AA1A6973-A15A-4183-B942-A5CCAE8D477E}"
EndProject
Project("{9A19103F-16F7-4668-BE54-9A1E7A4F7556}") = "Dto", "Dto\Dto.csproj", "{16D58C85-79A9-4619-A2D0-2610F533BF30}"
EndProject
Project("{9A19103F-16F7-4668-BE54-9A1E7A4F7556}") = "Repositories", "Repositories\Repositories.csproj", "{91A76DEC-2322-4FAC-B246-E5888704FABD}"
EndProject
Project("{9A19103F-16F7-4668-BE54-9A1E7A4F7556}") = "Uow", "UnitOfWork\Uow.csproj", "{53A83ACA-C894-4A7F-A42A-0E0AF7A34588}"
EndProject
Project("{FAE04EC0-301F-11D3-BF4B-00C04F79EFBC}") = "Validator", "Validator\Validator.csproj", "{AC542564-8DB2-4036-B8B5-DC3321D88FB0}"
EndProject
Global
	GlobalSection(SolutionConfigurationPlatforms) = preSolution
		Debug|Any CPU = Debug|Any CPU
		Release|Any CPU = Release|Any CPU
	EndGlobalSection
	GlobalSection(ProjectConfigurationPlatforms) = postSolution
		{FDB8E60A-E9DC-4132-A770-8EEF32916049}.Debug|Any CPU.ActiveCfg = Debug|Any CPU
		{FDB8E60A-E9DC-4132-A770-8EEF32916049}.Debug|Any CPU.Build.0 = Debug|Any CPU
		{FDB8E60A-E9DC-4132-A770-8EEF32916049}.Release|Any CPU.ActiveCfg = Release|Any CPU
		{FDB8E60A-E9DC-4132-A770-8EEF32916049}.Release|Any CPU.Build.0 = Release|Any CPU
		{AA1A6973-A15A-4183-B942-A5CCAE8D477E}.Debug|Any CPU.ActiveCfg = Debug|Any CPU
		{AA1A6973-A15A-4183-B942-A5CCAE8D477E}.Debug|Any CPU.Build.0 = Debug|Any CPU
		{AA1A6973-A15A-4183-B942-A5CCAE8D477E}.Release|Any CPU.ActiveCfg = Release|Any CPU
		{AA1A6973-A15A-4183-B942-A5CCAE8D477E}.Release|Any CPU.Build.0 = Release|Any CPU
		{16D58C85-79A9-4619-A2D0-2610F533BF30}.Debug|Any CPU.ActiveCfg = Debug|Any CPU
		{16D58C85-79A9-4619-A2D0-2610F533BF30}.Debug|Any CPU.Build.0 = Debug|Any CPU
		{16D58C85-79A9-4619-A2D0-2610F533BF30}.Release|Any CPU.ActiveCfg = Release|Any CPU
		{16D58C85-79A9-4619-A2D0-2610F533BF30}.Release|Any CPU.Build.0 = Release|Any CPU
		{91A76DEC-2322-4FAC-B246-E5888704FABD}.Debug|Any CPU.ActiveCfg = Debug|Any CPU
		{91A76DEC-2322-4FAC-B246-E5888704FABD}.Debug|Any CPU.Build.0 = Debug|Any CPU
		{91A76DEC-2322-4FAC-B246-E5888704FABD}.Release|Any CPU.ActiveCfg = Release|Any CPU
		{91A76DEC-2322-4FAC-B246-E5888704FABD}.Release|Any CPU.Build.0 = Release|Any CPU
		{53A83ACA-C894-4A7F-A42A-0E0AF7A34588}.Debug|Any CPU.ActiveCfg = Debug|Any CPU
		{53A83ACA-C894-4A7F-A42A-0E0AF7A34588}.Debug|Any CPU.Build.0 = Debug|Any CPU
		{53A83ACA-C894-4A7F-A42A-0E0AF7A34588}.Release|Any CPU.ActiveCfg = Release|Any CPU
		{53A83ACA-C894-4A7F-A42A-0E0AF7A34588}.Release|Any CPU.Build.0 = Release|Any CPU
		{AC542564-8DB2-4036-B8B5-DC3321D88FB0}.Debug|Any CPU.ActiveCfg = Debug|Any CPU
		{AC542564-8DB2-4036-B8B5-DC3321D88FB0}.Debug|Any CPU.Build.0 = Debug|Any CPU
		{AC542564-8DB2-4036-B8B5-DC3321D88FB0}.Release|Any CPU.ActiveCfg = Release|Any CPU
		{AC542564-8DB2-4036-B8B5-DC3321D88FB0}.Release|Any CPU.Build.0 = Release|Any CPU
	EndGlobalSection
	GlobalSection(SolutionProperties) = preSolution
		HideSolutionNode = FALSE
	EndGlobalSection
	GlobalSection(ExtensibilityGlobals) = postSolution
		SolutionGuid = {F0766EC1-3BB6-489A-8B3A-2AED9F6D85C6}
	EndGlobalSection
EndGlobal
